
Microsoft Visual Studio Solution File, Format Version 12.00
# Visual Studio Version 17
VisualStudioVersion = 17.2.32630.192
MinimumVisualStudioVersion = 10.0.40219.1
Project("{8BC9CEB8-8B4A-11D0-8D11-00A0C91BC942}") = "UnionFind(path compression)", "UnionFind(path compression)\UnionFind(path compression).vcxproj", "{515A966D-8314-4B57-A552-91FB7402181F}"
EndProject
Global
	GlobalSection(SolutionConfigurationPlatforms) = preSolution
		Debug|x64 = Debug|x64
		Debug|x86 = Debug|x86
		Release|x64 = Release|x64
		Release|x86 = Release|x86
	EndGlobalSection
	GlobalSection(ProjectConfigurationPlatforms) = postSolution
		{515A966D-8314-4B57-A552-91FB7402181F}.Debug|x64.ActiveCfg = Debug|x64
		{515A966D-8314-4B57-A552-91FB7402181F}.Debug|x64.Build.0 = Debug|x64
		{515A966D-8314-4B57-A552-91FB7402181F}.Debug|x86.ActiveCfg = Debug|Win32
		{515A966D-8314-4B57-A552-91FB7402181F}.Debug|x86.Build.0 = Debug|Win32
		{515A966D-8314-4B57-A552-91FB7402181F}.Release|x64.ActiveCfg = Release|x64
		{515A966D-8314-4B57-A552-91FB7402181F}.Release|x64.Build.0 = Release|x64
		{515A966D-8314-4B57-A552-91FB7402181F}.Release|x86.ActiveCfg = Release|Win32
		{515A966D-8314-4B57-A552-91FB7402181F}.Release|x86.Build.0 = Release|Win32
	EndGlobalSection
	GlobalSection(SolutionProperties) = preSolution
		HideSolutionNode = FALSE
	EndGlobalSection
	GlobalSection(ExtensibilityGlobals) = postSolution
		SolutionGuid = {19303F9E-88AC-4EE8-894D-3737A9812EDC}
	EndGlobalSection
EndGlobal
